
Microsoft Visual Studio Solution File, Format Version 11.00
# Visual Studio 2010
Project("{FAE04EC0-301F-11D3-BF4B-00C04F79EFBC}") = "Hierarchy2.Runtime", "Hierarchy2.Runtime.csproj", "{4563bb48-dcb3-bfcf-c9b9-35b690e05bfd}"
EndProject
Project("{FAE04EC0-301F-11D3-BF4B-00C04F79EFBC}") = "Assembly-CSharp", "Assembly-CSharp.csproj", "{ea9c9da7-4fe1-ddae-a3b5-7ead4b2e3efb}"
EndProject
Project("{FAE04EC0-301F-11D3-BF4B-00C04F79EFBC}") = "Hierarchy2.Editor", "Hierarchy2.Editor.csproj", "{d3d0ab88-e2c2-b868-e7da-548ce3bb163b}"
EndProject
Global
	GlobalSection(SolutionConfigurationPlatforms) = preSolution
		Debug|Any CPU = Debug|Any CPU
		Release|Any CPU = Release|Any CPU
	EndGlobalSection
	GlobalSection(ProjectConfigurationPlatforms) = postSolution
		{4563bb48-dcb3-bfcf-c9b9-35b690e05bfd}.Debug|Any CPU.ActiveCfg = Debug|Any CPU
		{4563bb48-dcb3-bfcf-c9b9-35b690e05bfd}.Debug|Any CPU.Build.0 = Debug|Any CPU
		{4563bb48-dcb3-bfcf-c9b9-35b690e05bfd}.Release|Any CPU.ActiveCfg = Release|Any CPU
		{4563bb48-dcb3-bfcf-c9b9-35b690e05bfd}.Release|Any CPU.Build.0 = Release|Any CPU
		{ea9c9da7-4fe1-ddae-a3b5-7ead4b2e3efb}.Debug|Any CPU.ActiveCfg = Debug|Any CPU
		{ea9c9da7-4fe1-ddae-a3b5-7ead4b2e3efb}.Debug|Any CPU.Build.0 = Debug|Any CPU
		{ea9c9da7-4fe1-ddae-a3b5-7ead4b2e3efb}.Release|Any CPU.ActiveCfg = Release|Any CPU
		{ea9c9da7-4fe1-ddae-a3b5-7ead4b2e3efb}.Release|Any CPU.Build.0 = Release|Any CPU
		{d3d0ab88-e2c2-b868-e7da-548ce3bb163b}.Debug|Any CPU.ActiveCfg = Debug|Any CPU
		{d3d0ab88-e2c2-b868-e7da-548ce3bb163b}.Debug|Any CPU.Build.0 = Debug|Any CPU
		{d3d0ab88-e2c2-b868-e7da-548ce3bb163b}.Release|Any CPU.ActiveCfg = Release|Any CPU
		{d3d0ab88-e2c2-b868-e7da-548ce3bb163b}.Release|Any CPU.Build.0 = Release|Any CPU
	EndGlobalSection
	GlobalSection(SolutionProperties) = preSolution
		HideSolutionNode = FALSE
	EndGlobalSection
EndGlobal
